
Microsoft Visual Studio Solution File, Format Version 12.00
# Visual Studio 15
VisualStudioVersion = 15.0.26430.14
MinimumVisualStudioVersion = 10.0.40219.1
Project("{2150E333-8FDC-42A3-9474-1A3956D46DE8}") = "ENGINE", "ENGINE", "{9E897FAF-21E3-42C5-A278-0507956B1E57}"
EndProject
Project("{8BC9CEB8-8B4A-11D0-8D11-00A0C91BC942}") = "ManglerSource", "ManglerSource.vcxproj", "{B12702AD-ABFB-343A-A199-8E24837244A3}"
EndProject
Project("{2150E333-8FDC-42A3-9474-1A3956D46DE8}") = "GLEW", "GLEW", "{BDBD01D0-5277-48EE-A1AD-C8577CD813F1}"
EndProject
Project("{8BC9CEB8-8B4A-11D0-8D11-00A0C91BC942}") = "libglew_static", "GLEW\build\vc15\libglew_static.vcxproj", "{CED2D5A6-2E73-3DFF-B279-E000E31CBB5F}"
EndProject
Project("{2150E333-8FDC-42A3-9474-1A3956D46DE8}") = "GLFW", "GLFW", "{8CA04867-5B8D-442C-BB41-70261D8AD73D}"
EndProject
Project("{8BC9CEB8-8B4A-11D0-8D11-00A0C91BC942}") = "glfw", "GLFW\build\vc15\src\glfw.vcxproj", "{69CA962B-0645-355F-9436-BF93A64EEB14}"
EndProject
Project("{2150E333-8FDC-42A3-9474-1A3956D46DE8}") = "SFML", "SFML", "{B53A40B8-B279-43B2-BFEF-879C83E0A0F2}"
EndProject
Project("{8BC9CEB8-8B4A-11D0-8D11-00A0C91BC942}") = "sfml-audio", "SFML-2.4.2\build\vc15\src\SFML\Audio\sfml-audio.vcxproj", "{5336E9EB-C2A7-38FE-AFA4-E04635C751DE}"
EndProject
Project("{8BC9CEB8-8B4A-11D0-8D11-00A0C91BC942}") = "sfml-graphics", "SFML-2.4.2\build\vc15\src\SFML\Graphics\sfml-graphics.vcxproj", "{554A816B-3689-31A4-917A-4B3E08AD5A91}"
EndProject
Project("{8BC9CEB8-8B4A-11D0-8D11-00A0C91BC942}") = "sfml-main", "SFML-2.4.2\build\vc15\src\SFML\Main\sfml-main.vcxproj", "{FC40FDFC-1BBF-3F16-B16B-B77BC11A0E0D}"
EndProject
Project("{8BC9CEB8-8B4A-11D0-8D11-00A0C91BC942}") = "sfml-network", "SFML-2.4.2\build\vc15\src\SFML\Network\sfml-network.vcxproj", "{9E7EFF21-AA7A-370E-AD32-DEAE793BDD03}"
EndProject
Project("{8BC9CEB8-8B4A-11D0-8D11-00A0C91BC942}") = "sfml-system", "SFML-2.4.2\build\vc15\src\SFML\System\sfml-system.vcxproj", "{323316C0-43CD-3978-B0A5-7A49410BE1D5}"
EndProject
Project("{8BC9CEB8-8B4A-11D0-8D11-00A0C91BC942}") = "sfml-window", "SFML-2.4.2\build\vc15\src\SFML\Window\sfml-window.vcxproj", "{44C54F05-6D34-3B96-B001-3DC7B4679B4B}"
EndProject
Project("{2150E333-8FDC-42A3-9474-1A3956D46DE8}") = "TGUI", "TGUI", "{92AF810E-2D97-4E91-83A3-2C14FB954217}"
EndProject
Project("{8BC9CEB8-8B4A-11D0-8D11-00A0C91BC942}") = "TGUI_0.7 x86", "TGUI-0.7.4-vc14-32bit-for-SFML-2.4.2\TGUI-0.7\TGUI.vcxproj", "{D089837C-AA08-48EC-883D-44B5970083B2}"
EndProject
Project("{FAE04EC0-301F-11D3-BF4B-00C04F79EFBC}") = "mangler-config", "mangler-config\mangler-config.csproj", "{1D1D6531-469F-411A-8F60-351C0F445A28}"
EndProject
Global
	GlobalSection(SolutionConfigurationPlatforms) = preSolution
		Debug|Any CPU = Debug|Any CPU
		Debug|x64 = Debug|x64
		Debug|x86 = Debug|x86
		MinSizeRel|Any CPU = MinSizeRel|Any CPU
		MinSizeRel|x64 = MinSizeRel|x64
		MinSizeRel|x86 = MinSizeRel|x86
		Release|Any CPU = Release|Any CPU
		Release|x64 = Release|x64
		Release|x86 = Release|x86
		RelWithDebInfo|Any CPU = RelWithDebInfo|Any CPU
		RelWithDebInfo|x64 = RelWithDebInfo|x64
		RelWithDebInfo|x86 = RelWithDebInfo|x86
	EndGlobalSection
	GlobalSection(ProjectConfigurationPlatforms) = postSolution
		{B12702AD-ABFB-343A-A199-8E24837244A3}.Debug|Any CPU.ActiveCfg = Debug|Win32
		{B12702AD-ABFB-343A-A199-8E24837244A3}.Debug|x64.ActiveCfg = Debug|Win32
		{B12702AD-ABFB-343A-A199-8E24837244A3}.Debug|x86.ActiveCfg = Debug|Win32
		{B12702AD-ABFB-343A-A199-8E24837244A3}.Debug|x86.Build.0 = Debug|Win32
		{B12702AD-ABFB-343A-A199-8E24837244A3}.MinSizeRel|Any CPU.ActiveCfg = Release|Win32
		{B12702AD-ABFB-343A-A199-8E24837244A3}.MinSizeRel|Any CPU.Build.0 = Release|Win32
		{B12702AD-ABFB-343A-A199-8E24837244A3}.MinSizeRel|x64.ActiveCfg = Release|Win32
		{B12702AD-ABFB-343A-A199-8E24837244A3}.MinSizeRel|x64.Build.0 = Release|Win32
		{B12702AD-ABFB-343A-A199-8E24837244A3}.MinSizeRel|x86.ActiveCfg = Release|Win32
		{B12702AD-ABFB-343A-A199-8E24837244A3}.MinSizeRel|x86.Build.0 = Release|Win32
		{B12702AD-ABFB-343A-A199-8E24837244A3}.Release|Any CPU.ActiveCfg = Release|Win32
		{B12702AD-ABFB-343A-A199-8E24837244A3}.Release|x64.ActiveCfg = Release|Win32
		{B12702AD-ABFB-343A-A199-8E24837244A3}.Release|x86.ActiveCfg = Release|Win32
		{B12702AD-ABFB-343A-A199-8E24837244A3}.Release|x86.Build.0 = Release|Win32
		{B12702AD-ABFB-343A-A199-8E24837244A3}.RelWithDebInfo|Any CPU.ActiveCfg = Release|Win32
		{B12702AD-ABFB-343A-A199-8E24837244A3}.RelWithDebInfo|Any CPU.Build.0 = Release|Win32
		{B12702AD-ABFB-343A-A199-8E24837244A3}.RelWithDebInfo|x64.ActiveCfg = Release|Win32
		{B12702AD-ABFB-343A-A199-8E24837244A3}.RelWithDebInfo|x64.Build.0 = Release|Win32
		{B12702AD-ABFB-343A-A199-8E24837244A3}.RelWithDebInfo|x86.ActiveCfg = Release|Win32
		{B12702AD-ABFB-343A-A199-8E24837244A3}.RelWithDebInfo|x86.Build.0 = Release|Win32
		{CED2D5A6-2E73-3DFF-B279-E000E31CBB5F}.Debug|Any CPU.ActiveCfg = Debug|Win32
		{CED2D5A6-2E73-3DFF-B279-E000E31CBB5F}.Debug|x64.ActiveCfg = Debug|Win32
		{CED2D5A6-2E73-3DFF-B279-E000E31CBB5F}.Debug|x86.ActiveCfg = Debug|Win32
		{CED2D5A6-2E73-3DFF-B279-E000E31CBB5F}.Debug|x86.Build.0 = Debug|Win32
		{CED2D5A6-2E73-3DFF-B279-E000E31CBB5F}.MinSizeRel|Any CPU.ActiveCfg = MinSizeRel|Win32
		{CED2D5A6-2E73-3DFF-B279-E000E31CBB5F}.MinSizeRel|x64.ActiveCfg = MinSizeRel|Win32
		{CED2D5A6-2E73-3DFF-B279-E000E31CBB5F}.MinSizeRel|x86.ActiveCfg = MinSizeRel|Win32
		{CED2D5A6-2E73-3DFF-B279-E000E31CBB5F}.MinSizeRel|x86.Build.0 = MinSizeRel|Win32
		{CED2D5A6-2E73-3DFF-B279-E000E31CBB5F}.Release|Any CPU.ActiveCfg = Release|Win32
		{CED2D5A6-2E73-3DFF-B279-E000E31CBB5F}.Release|x64.ActiveCfg = Release|Win32
		{CED2D5A6-2E73-3DFF-B279-E000E31CBB5F}.Release|x86.ActiveCfg = Release|Win32
		{CED2D5A6-2E73-3DFF-B279-E000E31CBB5F}.Release|x86.Build.0 = Release|Win32
		{CED2D5A6-2E73-3DFF-B279-E000E31CBB5F}.RelWithDebInfo|Any CPU.ActiveCfg = RelWithDebInfo|Win32
		{CED2D5A6-2E73-3DFF-B279-E000E31CBB5F}.RelWithDebInfo|x64.ActiveCfg = RelWithDebInfo|Win32
		{CED2D5A6-2E73-3DFF-B279-E000E31CBB5F}.RelWithDebInfo|x86.ActiveCfg = RelWithDebInfo|Win32
		{CED2D5A6-2E73-3DFF-B279-E000E31CBB5F}.RelWithDebInfo|x86.Build.0 = RelWithDebInfo|Win32
		{69CA962B-0645-355F-9436-BF93A64EEB14}.Debug|Any CPU.ActiveCfg = Debug|Win32
		{69CA962B-0645-355F-9436-BF93A64EEB14}.Debug|x64.ActiveCfg = Debug|Win32
		{69CA962B-0645-355F-9436-BF93A64EEB14}.Debug|x86.ActiveCfg = Debug|Win32
		{69CA962B-0645-355F-9436-BF93A64EEB14}.Debug|x86.Build.0 = Debug|Win32
		{69CA962B-0645-355F-9436-BF93A64EEB14}.MinSizeRel|Any CPU.ActiveCfg = MinSizeRel|Win32
		{69CA962B-0645-355F-9436-BF93A64EEB14}.MinSizeRel|x64.ActiveCfg = MinSizeRel|Win32
		{69CA962B-0645-355F-9436-BF93A64EEB14}.MinSizeRel|x86.ActiveCfg = MinSizeRel|Win32
		{69CA962B-0645-355F-9436-BF93A64EEB14}.MinSizeRel|x86.Build.0 = MinSizeRel|Win32
		{69CA962B-0645-355F-9436-BF93A64EEB14}.Release|Any CPU.ActiveCfg = Release|Win32
		{69CA962B-0645-355F-9436-BF93A64EEB14}.Release|x64.ActiveCfg = Release|Win32
		{69CA962B-0645-355F-9436-BF93A64EEB14}.Release|x86.ActiveCfg = Release|Win32
		{69CA962B-0645-355F-9436-BF93A64EEB14}.Release|x86.Build.0 = Release|Win32
		{69CA962B-0645-355F-9436-BF93A64EEB14}.RelWithDebInfo|Any CPU.ActiveCfg = RelWithDebInfo|Win32
		{69CA962B-0645-355F-9436-BF93A64EEB14}.RelWithDebInfo|x64.ActiveCfg = RelWithDebInfo|Win32
		{69CA962B-0645-355F-9436-BF93A64EEB14}.RelWithDebInfo|x86.ActiveCfg = RelWithDebInfo|Win32
		{69CA962B-0645-355F-9436-BF93A64EEB14}.RelWithDebInfo|x86.Build.0 = RelWithDebInfo|Win32
		{5336E9EB-C2A7-38FE-AFA4-E04635C751DE}.Debug|Any CPU.ActiveCfg = Debug|Win32
		{5336E9EB-C2A7-38FE-AFA4-E04635C751DE}.Debug|x64.ActiveCfg = Debug|Win32
		{5336E9EB-C2A7-38FE-AFA4-E04635C751DE}.Debug|x86.ActiveCfg = Debug|Win32
		{5336E9EB-C2A7-38FE-AFA4-E04635C751DE}.Debug|x86.Build.0 = Debug|Win32
		{5336E9EB-C2A7-38FE-AFA4-E04635C751DE}.MinSizeRel|Any CPU.ActiveCfg = MinSizeRel|Win32
		{5336E9EB-C2A7-38FE-AFA4-E04635C751DE}.MinSizeRel|x64.ActiveCfg = MinSizeRel|Win32
		{5336E9EB-C2A7-38FE-AFA4-E04635C751DE}.MinSizeRel|x86.ActiveCfg = MinSizeRel|Win32
		{5336E9EB-C2A7-38FE-AFA4-E04635C751DE}.MinSizeRel|x86.Build.0 = MinSizeRel|Win32
		{5336E9EB-C2A7-38FE-AFA4-E04635C751DE}.Release|Any CPU.ActiveCfg = Release|Win32
		{5336E9EB-C2A7-38FE-AFA4-E04635C751DE}.Release|x64.ActiveCfg = Release|Win32
		{5336E9EB-C2A7-38FE-AFA4-E04635C751DE}.Release|x86.ActiveCfg = Release|Win32
		{5336E9EB-C2A7-38FE-AFA4-E04635C751DE}.Release|x86.Build.0 = Release|Win32
		{5336E9EB-C2A7-38FE-AFA4-E04635C751DE}.RelWithDebInfo|Any CPU.ActiveCfg = RelWithDebInfo|Win32
		{5336E9EB-C2A7-38FE-AFA4-E04635C751DE}.RelWithDebInfo|x64.ActiveCfg = RelWithDebInfo|Win32
		{5336E9EB-C2A7-38FE-AFA4-E04635C751DE}.RelWithDebInfo|x86.ActiveCfg = RelWithDebInfo|Win32
		{5336E9EB-C2A7-38FE-AFA4-E04635C751DE}.RelWithDebInfo|x86.Build.0 = RelWithDebInfo|Win32
		{554A816B-3689-31A4-917A-4B3E08AD5A91}.Debug|Any CPU.ActiveCfg = Debug|Win32
		{554A816B-3689-31A4-917A-4B3E08AD5A91}.Debug|x64.ActiveCfg = Debug|Win32
		{554A816B-3689-31A4-917A-4B3E08AD5A91}.Debug|x86.ActiveCfg = Debug|Win32
		{554A816B-3689-31A4-917A-4B3E08AD5A91}.Debug|x86.Build.0 = Debug|Win32
		{554A816B-3689-31A4-917A-4B3E08AD5A91}.MinSizeRel|Any CPU.ActiveCfg = MinSizeRel|Win32
		{554A816B-3689-31A4-917A-4B3E08AD5A91}.MinSizeRel|x64.ActiveCfg = MinSizeRel|Win32
		{554A816B-3689-31A4-917A-4B3E08AD5A91}.MinSizeRel|x86.ActiveCfg = MinSizeRel|Win32
		{554A816B-3689-31A4-917A-4B3E08AD5A91}.MinSizeRel|x86.Build.0 = MinSizeRel|Win32
		{554A816B-3689-31A4-917A-4B3E08AD5A91}.Release|Any CPU.ActiveCfg = Release|Win32
		{554A816B-3689-31A4-917A-4B3E08AD5A91}.Release|x64.ActiveCfg = Release|Win32
		{554A816B-3689-31A4-917A-4B3E08AD5A91}.Release|x86.ActiveCfg = Release|Win32
		{554A816B-3689-31A4-917A-4B3E08AD5A91}.Release|x86.Build.0 = Release|Win32
		{554A816B-3689-31A4-917A-4B3E08AD5A91}.RelWithDebInfo|Any CPU.ActiveCfg = RelWithDebInfo|Win32
		{554A816B-3689-31A4-917A-4B3E08AD5A91}.RelWithDebInfo|x64.ActiveCfg = RelWithDebInfo|Win32
		{554A816B-3689-31A4-917A-4B3E08AD5A91}.RelWithDebInfo|x86.ActiveCfg = RelWithDebInfo|Win32
		{554A816B-3689-31A4-917A-4B3E08AD5A91}.RelWithDebInfo|x86.Build.0 = RelWithDebInfo|Win32
		{FC40FDFC-1BBF-3F16-B16B-B77BC11A0E0D}.Debug|Any CPU.ActiveCfg = Debug|Win32
		{FC40FDFC-1BBF-3F16-B16B-B77BC11A0E0D}.Debug|x64.ActiveCfg = Debug|Win32
		{FC40FDFC-1BBF-3F16-B16B-B77BC11A0E0D}.Debug|x86.ActiveCfg = Debug|Win32
		{FC40FDFC-1BBF-3F16-B16B-B77BC11A0E0D}.Debug|x86.Build.0 = Debug|Win32
		{FC40FDFC-1BBF-3F16-B16B-B77BC11A0E0D}.MinSizeRel|Any CPU.ActiveCfg = MinSizeRel|Win32
		{FC40FDFC-1BBF-3F16-B16B-B77BC11A0E0D}.MinSizeRel|x64.ActiveCfg = MinSizeRel|Win32
		{FC40FDFC-1BBF-3F16-B16B-B77BC11A0E0D}.MinSizeRel|x86.ActiveCfg = MinSizeRel|Win32
		{FC40FDFC-1BBF-3F16-B16B-B77BC11A0E0D}.MinSizeRel|x86.Build.0 = MinSizeRel|Win32
		{FC40FDFC-1BBF-3F16-B16B-B77BC11A0E0D}.Release|Any CPU.ActiveCfg = Release|Win32
		{FC40FDFC-1BBF-3F16-B16B-B77BC11A0E0D}.Release|x64.ActiveCfg = Release|Win32
		{FC40FDFC-1BBF-3F16-B16B-B77BC11A0E0D}.Release|x86.ActiveCfg = Release|Win32
		{FC40FDFC-1BBF-3F16-B16B-B77BC11A0E0D}.Release|x86.Build.0 = Release|Win32
		{FC40FDFC-1BBF-3F16-B16B-B77BC11A0E0D}.RelWithDebInfo|Any CPU.ActiveCfg = RelWithDebInfo|Win32
		{FC40FDFC-1BBF-3F16-B16B-B77BC11A0E0D}.RelWithDebInfo|x64.ActiveCfg = RelWithDebInfo|Win32
		{FC40FDFC-1BBF-3F16-B16B-B77BC11A0E0D}.RelWithDebInfo|x86.ActiveCfg = RelWithDebInfo|Win32
		{FC40FDFC-1BBF-3F16-B16B-B77BC11A0E0D}.RelWithDebInfo|x86.Build.0 = RelWithDebInfo|Win32
		{9E7EFF21-AA7A-370E-AD32-DEAE793BDD03}.Debug|Any CPU.ActiveCfg = Debug|Win32
		{9E7EFF21-AA7A-370E-AD32-DEAE793BDD03}.Debug|x64.ActiveCfg = Debug|Win32
		{9E7EFF21-AA7A-370E-AD32-DEAE793BDD03}.Debug|x86.ActiveCfg = Debug|Win32
		{9E7EFF21-AA7A-370E-AD32-DEAE793BDD03}.Debug|x86.Build.0 = Debug|Win32
		{9E7EFF21-AA7A-370E-AD32-DEAE793BDD03}.MinSizeRel|Any CPU.ActiveCfg = MinSizeRel|Win32
		{9E7EFF21-AA7A-370E-AD32-DEAE793BDD03}.MinSizeRel|x64.ActiveCfg = MinSizeRel|Win32
		{9E7EFF21-AA7A-370E-AD32-DEAE793BDD03}.MinSizeRel|x86.ActiveCfg = MinSizeRel|Win32
		{9E7EFF21-AA7A-370E-AD32-DEAE793BDD03}.MinSizeRel|x86.Build.0 = MinSizeRel|Win32
		{9E7EFF21-AA7A-370E-AD32-DEAE793BDD03}.Release|Any CPU.ActiveCfg = Release|Win32
		{9E7EFF21-AA7A-370E-AD32-DEAE793BDD03}.Release|x64.ActiveCfg = Release|Win32
		{9E7EFF21-AA7A-370E-AD32-DEAE793BDD03}.Release|x86.ActiveCfg = Release|Win32
		{9E7EFF21-AA7A-370E-AD32-DEAE793BDD03}.Release|x86.Build.0 = Release|Win32
		{9E7EFF21-AA7A-370E-AD32-DEAE793BDD03}.RelWithDebInfo|Any CPU.ActiveCfg = RelWithDebInfo|Win32
		{9E7EFF21-AA7A-370E-AD32-DEAE793BDD03}.RelWithDebInfo|x64.ActiveCfg = RelWithDebInfo|Win32
		{9E7EFF21-AA7A-370E-AD32-DEAE793BDD03}.RelWithDebInfo|x86.ActiveCfg = RelWithDebInfo|Win32
		{9E7EFF21-AA7A-370E-AD32-DEAE793BDD03}.RelWithDebInfo|x86.Build.0 = RelWithDebInfo|Win32
		{323316C0-43CD-3978-B0A5-7A49410BE1D5}.Debug|Any CPU.ActiveCfg = Debug|Win32
		{323316C0-43CD-3978-B0A5-7A49410BE1D5}.Debug|x64.ActiveCfg = Debug|Win32
		{323316C0-43CD-3978-B0A5-7A49410BE1D5}.Debug|x86.ActiveCfg = Debug|Win32
		{323316C0-43CD-3978-B0A5-7A49410BE1D5}.Debug|x86.Build.0 = Debug|Win32
		{323316C0-43CD-3978-B0A5-7A49410BE1D5}.MinSizeRel|Any CPU.ActiveCfg = MinSizeRel|Win32
		{323316C0-43CD-3978-B0A5-7A49410BE1D5}.MinSizeRel|x64.ActiveCfg = MinSizeRel|Win32
		{323316C0-43CD-3978-B0A5-7A49410BE1D5}.MinSizeRel|x86.ActiveCfg = MinSizeRel|Win32
		{323316C0-43CD-3978-B0A5-7A49410BE1D5}.MinSizeRel|x86.Build.0 = MinSizeRel|Win32
		{323316C0-43CD-3978-B0A5-7A49410BE1D5}.Release|Any CPU.ActiveCfg = Release|Win32
		{323316C0-43CD-3978-B0A5-7A49410BE1D5}.Release|x64.ActiveCfg = Release|Win32
		{323316C0-43CD-3978-B0A5-7A49410BE1D5}.Release|x86.ActiveCfg = Release|Win32
		{323316C0-43CD-3978-B0A5-7A49410BE1D5}.Release|x86.Build.0 = Release|Win32
		{323316C0-43CD-3978-B0A5-7A49410BE1D5}.RelWithDebInfo|Any CPU.ActiveCfg = RelWithDebInfo|Win32
		{323316C0-43CD-3978-B0A5-7A49410BE1D5}.RelWithDebInfo|x64.ActiveCfg = RelWithDebInfo|Win32
		{323316C0-43CD-3978-B0A5-7A49410BE1D5}.RelWithDebInfo|x86.ActiveCfg = RelWithDebInfo|Win32
		{323316C0-43CD-3978-B0A5-7A49410BE1D5}.RelWithDebInfo|x86.Build.0 = RelWithDebInfo|Win32
		{44C54F05-6D34-3B96-B001-3DC7B4679B4B}.Debug|Any CPU.ActiveCfg = Debug|Win32
		{44C54F05-6D34-3B96-B001-3DC7B4679B4B}.Debug|x64.ActiveCfg = Debug|Win32
		{44C54F05-6D34-3B96-B001-3DC7B4679B4B}.Debug|x86.ActiveCfg = Debug|Win32
		{44C54F05-6D34-3B96-B001-3DC7B4679B4B}.Debug|x86.Build.0 = Debug|Win32
		{44C54F05-6D34-3B96-B001-3DC7B4679B4B}.MinSizeRel|Any CPU.ActiveCfg = MinSizeRel|Win32
		{44C54F05-6D34-3B96-B001-3DC7B4679B4B}.MinSizeRel|x64.ActiveCfg = MinSizeRel|Win32
		{44C54F05-6D34-3B96-B001-3DC7B4679B4B}.MinSizeRel|x86.ActiveCfg = MinSizeRel|Win32
		{44C54F05-6D34-3B96-B001-3DC7B4679B4B}.MinSizeRel|x86.Build.0 = MinSizeRel|Win32
		{44C54F05-6D34-3B96-B001-3DC7B4679B4B}.Release|Any CPU.ActiveCfg = Release|Win32
		{44C54F05-6D34-3B96-B001-3DC7B4679B4B}.Release|x64.ActiveCfg = Release|Win32
		{44C54F05-6D34-3B96-B001-3DC7B4679B4B}.Release|x86.ActiveCfg = Release|Win32
		{44C54F05-6D34-3B96-B001-3DC7B4679B4B}.Release|x86.Build.0 = Release|Win32
		{44C54F05-6D34-3B96-B001-3DC7B4679B4B}.RelWithDebInfo|Any CPU.ActiveCfg = RelWithDebInfo|Win32
		{44C54F05-6D34-3B96-B001-3DC7B4679B4B}.RelWithDebInfo|x64.ActiveCfg = RelWithDebInfo|Win32
		{44C54F05-6D34-3B96-B001-3DC7B4679B4B}.RelWithDebInfo|x86.ActiveCfg = RelWithDebInfo|Win32
		{44C54F05-6D34-3B96-B001-3DC7B4679B4B}.RelWithDebInfo|x86.Build.0 = RelWithDebInfo|Win32
		{D089837C-AA08-48EC-883D-44B5970083B2}.Debug|Any CPU.ActiveCfg = Debug|Win32
		{D089837C-AA08-48EC-883D-44B5970083B2}.Debug|x64.ActiveCfg = Debug|x64
		{D089837C-AA08-48EC-883D-44B5970083B2}.Debug|x64.Build.0 = Debug|x64
		{D089837C-AA08-48EC-883D-44B5970083B2}.Debug|x86.ActiveCfg = Debug|Win32
		{D089837C-AA08-48EC-883D-44B5970083B2}.Debug|x86.Build.0 = Debug|Win32
		{D089837C-AA08-48EC-883D-44B5970083B2}.MinSizeRel|Any CPU.ActiveCfg = Release|x64
		{D089837C-AA08-48EC-883D-44B5970083B2}.MinSizeRel|Any CPU.Build.0 = Release|x64
		{D089837C-AA08-48EC-883D-44B5970083B2}.MinSizeRel|x64.ActiveCfg = Release|x64
		{D089837C-AA08-48EC-883D-44B5970083B2}.MinSizeRel|x64.Build.0 = Release|x64
		{D089837C-AA08-48EC-883D-44B5970083B2}.MinSizeRel|x86.ActiveCfg = Release|Win32
		{D089837C-AA08-48EC-883D-44B5970083B2}.MinSizeRel|x86.Build.0 = Release|Win32
		{D089837C-AA08-48EC-883D-44B5970083B2}.Release|Any CPU.ActiveCfg = Release|Win32
		{D089837C-AA08-48EC-883D-44B5970083B2}.Release|x64.ActiveCfg = Release|x64
		{D089837C-AA08-48EC-883D-44B5970083B2}.Release|x64.Build.0 = Release|x64
		{D089837C-AA08-48EC-883D-44B5970083B2}.Release|x86.ActiveCfg = Release|Win32
		{D089837C-AA08-48EC-883D-44B5970083B2}.Release|x86.Build.0 = Release|Win32
		{D089837C-AA08-48EC-883D-44B5970083B2}.RelWithDebInfo|Any CPU.ActiveCfg = Release|x64
		{D089837C-AA08-48EC-883D-44B5970083B2}.RelWithDebInfo|Any CPU.Build.0 = Release|x64
		{D089837C-AA08-48EC-883D-44B5970083B2}.RelWithDebInfo|x64.ActiveCfg = Release|x64
		{D089837C-AA08-48EC-883D-44B5970083B2}.RelWithDebInfo|x64.Build.0 = Release|x64
		{D089837C-AA08-48EC-883D-44B5970083B2}.RelWithDebInfo|x86.ActiveCfg = Release|Win32
		{D089837C-AA08-48EC-883D-44B5970083B2}.RelWithDebInfo|x86.Build.0 = Release|Win32
		{1D1D6531-469F-411A-8F60-351C0F445A28}.Debug|Any CPU.ActiveCfg = Debug|Any CPU
		{1D1D6531-469F-411A-8F60-351C0F445A28}.Debug|Any CPU.Build.0 = Debug|Any CPU
		{1D1D6531-469F-411A-8F60-351C0F445A28}.Debug|x64.ActiveCfg = Debug|Any CPU
		{1D1D6531-469F-411A-8F60-351C0F445A28}.Debug|x64.Build.0 = Debug|Any CPU
		{1D1D6531-469F-411A-8F60-351C0F445A28}.Debug|x86.ActiveCfg = Debug|Any CPU
		{1D1D6531-469F-411A-8F60-351C0F445A28}.Debug|x86.Build.0 = Debug|Any CPU
		{1D1D6531-469F-411A-8F60-351C0F445A28}.MinSizeRel|Any CPU.ActiveCfg = Release|Any CPU
		{1D1D6531-469F-411A-8F60-351C0F445A28}.MinSizeRel|Any CPU.Build.0 = Release|Any CPU
		{1D1D6531-469F-411A-8F60-351C0F445A28}.MinSizeRel|x64.ActiveCfg = Release|Any CPU
		{1D1D6531-469F-411A-8F60-351C0F445A28}.MinSizeRel|x64.Build.0 = Release|Any CPU
		{1D1D6531-469F-411A-8F60-351C0F445A28}.MinSizeRel|x86.ActiveCfg = Release|Any CPU
		{1D1D6531-469F-411A-8F60-351C0F445A28}.MinSizeRel|x86.Build.0 = Release|Any CPU
		{1D1D6531-469F-411A-8F60-351C0F445A28}.Release|Any CPU.ActiveCfg = Release|Any CPU
		{1D1D6531-469F-411A-8F60-351C0F445A28}.Release|Any CPU.Build.0 = Release|Any CPU
		{1D1D6531-469F-411A-8F60-351C0F445A28}.Release|x64.ActiveCfg = Release|Any CPU
		{1D1D6531-469F-411A-8F60-351C0F445A28}.Release|x64.Build.0 = Release|Any CPU
		{1D1D6531-469F-411A-8F60-351C0F445A28}.Release|x86.ActiveCfg = Release|Any CPU
		{1D1D6531-469F-411A-8F60-351C0F445A28}.Release|x86.Build.0 = Release|Any CPU
		{1D1D6531-469F-411A-8F60-351C0F445A28}.RelWithDebInfo|Any CPU.ActiveCfg = Release|Any CPU
		{1D1D6531-469F-411A-8F60-351C0F445A28}.RelWithDebInfo|Any CPU.Build.0 = Release|Any CPU
		{1D1D6531-469F-411A-8F60-351C0F445A28}.RelWithDebInfo|x64.ActiveCfg = Release|Any CPU
		{1D1D6531-469F-411A-8F60-351C0F445A28}.RelWithDebInfo|x64.Build.0 = Release|Any CPU
		{1D1D6531-469F-411A-8F60-351C0F445A28}.RelWithDebInfo|x86.ActiveCfg = Release|Any CPU
		{1D1D6531-469F-411A-8F60-351C0F445A28}.RelWithDebInfo|x86.Build.0 = Release|Any CPU
	EndGlobalSection
	GlobalSection(SolutionProperties) = preSolution
		HideSolutionNode = FALSE
	EndGlobalSection
	GlobalSection(NestedProjects) = preSolution
		{B12702AD-ABFB-343A-A199-8E24837244A3} = {9E897FAF-21E3-42C5-A278-0507956B1E57}
		{CED2D5A6-2E73-3DFF-B279-E000E31CBB5F} = {BDBD01D0-5277-48EE-A1AD-C8577CD813F1}
		{69CA962B-0645-355F-9436-BF93A64EEB14} = {8CA04867-5B8D-442C-BB41-70261D8AD73D}
		{5336E9EB-C2A7-38FE-AFA4-E04635C751DE} = {B53A40B8-B279-43B2-BFEF-879C83E0A0F2}
		{554A816B-3689-31A4-917A-4B3E08AD5A91} = {B53A40B8-B279-43B2-BFEF-879C83E0A0F2}
		{FC40FDFC-1BBF-3F16-B16B-B77BC11A0E0D} = {B53A40B8-B279-43B2-BFEF-879C83E0A0F2}
		{9E7EFF21-AA7A-370E-AD32-DEAE793BDD03} = {B53A40B8-B279-43B2-BFEF-879C83E0A0F2}
		{323316C0-43CD-3978-B0A5-7A49410BE1D5} = {B53A40B8-B279-43B2-BFEF-879C83E0A0F2}
		{44C54F05-6D34-3B96-B001-3DC7B4679B4B} = {B53A40B8-B279-43B2-BFEF-879C83E0A0F2}
		{D089837C-AA08-48EC-883D-44B5970083B2} = {92AF810E-2D97-4E91-83A3-2C14FB954217}
		{1D1D6531-469F-411A-8F60-351C0F445A28} = {9E897FAF-21E3-42C5-A278-0507956B1E57}
	EndGlobalSection
EndGlobal
